// !$*UTF8*$!
{
	archiveVersion = 1;
	classes = {
	};
	objectVersion = 50;
	objects = {

/* Begin PBXBuildFile section */
		604F910522C752C800AB8846 /* AppDelegate.m in Sources */ = {isa = PBXBuildFile; fileRef = 604F910422C752C800AB8846 /* AppDelegate.m */; };
		604F910822C752C800AB8846 /* ViewController.m in Sources */ = {isa = PBXBuildFile; fileRef = 604F910722C752C800AB8846 /* ViewController.m */; };
		604F910B22C752C800AB8846 /* Main.storyboard in Resources */ = {isa = PBXBuildFile; fileRef = 604F910922C752C800AB8846 /* Main.storyboard */; };
		604F910D22C752C900AB8846 /* Assets.xcassets in Resources */ = {isa = PBXBuildFile; fileRef = 604F910C22C752C900AB8846 /* Assets.xcassets */; };
		604F911022C752C900AB8846 /* LaunchScreen.storyboard in Resources */ = {isa = PBXBuildFile; fileRef = 604F910E22C752C900AB8846 /* LaunchScreen.storyboard */; };
		604F911322C752C900AB8846 /* main.m in Sources */ = {isa = PBXBuildFile; fileRef = 604F911222C752C900AB8846 /* main.m */; };
		604F911D22C752C900AB8846 /* Hello_WorldTests.m in Sources */ = {isa = PBXBuildFile; fileRef = 604F911C22C752C900AB8846 /* Hello_WorldTests.m */; };
/* End PBXBuildFile section */

/* Begin PBXContainerItemProxy section */
		604F911922C752C900AB8846 /* PBXContainerItemProxy */ = {
			isa = PBXContainerItemProxy;
			containerPortal = 604F90F822C752C700AB8846 /* Project object */;
			proxyType = 1;
			remoteGlobalIDString = 604F90FF22C752C700AB8846;
			remoteInfo = "Hello World";
		};
/* End PBXContainerItemProxy section */

/* Begin PBXFileReference section */
		604F910022C752C700AB8846 /* Hello World.app */ = {isa = PBXFileReference; explicitFileType = wrapper.application; includeInIndex = 0; path = "Hello World.app"; sourceTree = BUILT_PRODUCTS_DIR; };
		604F910322C752C800AB8846 /* AppDelegate.h */ = {isa = PBXFileReference; lastKnownFileType = sourcecode.c.h; path = AppDelegate.h; sourceTree = "<group>"; };
		604F910422C752C800AB8846 /* AppDelegate.m */ = {isa = PBXFileReference; lastKnownFileType = sourcecode.c.objc; path = AppDelegate.m; sourceTree = "<group>"; };
		604F910622C752C800AB8846 /* ViewController.h */ = {isa = PBXFileReference; lastKnownFileType = sourcecode.c.h; path = ViewController.h; sourceTree = "<group>"; };
		604F910722C752C800AB8846 /* ViewController.m */ = {isa = PBXFileReference; lastKnownFileType = sourcecode.c.objc; path = ViewController.m; sourceTree = "<group>"; };
		604F910A22C752C800AB8846 /* Base */ = {isa = PBXFileReference; lastKnownFileType = file.storyboard; name = Base; path = Base.lproj/Main.storyboard; sourceTree = "<group>"; };
		604F910C22C752C900AB8846 /* Assets.xcassets */ = {isa = PBXFileReference; lastKnownFileType = folder.assetcatalog; path = Assets.xcassets; sourceTree = "<group>"; };
		604F910F22C752C900AB8846 /* Base */ = {isa = PBXFileReference; lastKnownFileType = file.storyboard; name = Base; path = Base.lproj/LaunchScreen.storyboard; sourceTree = "<group>"; };
		604F911122C752C900AB8846 /* Info.plist */ = {isa = PBXFileReference; lastKnownFileType = text.plist.xml; path = Info.plist; sourceTree = "<group>"; };
		604F911222C752C900AB8846 /* main.m */ = {isa = PBXFileReference; lastKnownFileType = sourcecode.c.objc; path = main.m; sourceTree = "<group>"; };
		604F911822C752C900AB8846 /* Hello WorldTests.xctest */ = {isa = PBXFileReference; explicitFileType = wrapper.cfbundle; includeInIndex = 0; path = "Hello WorldTests.xctest"; sourceTree = BUILT_PRODUCTS_DIR; };
		604F911C22C752C900AB8846 /* Hello_WorldTests.m */ = {isa = PBXFileReference; lastKnownFileType = sourcecode.c.objc; path = Hello_WorldTests.m; sourceTree = "<group>"; };
		604F911E22C752C900AB8846 /* Info.plist */ = {isa = PBXFileReference; lastKnownFileType = text.plist.xml; path = Info.plist; sourceTree = "<group>"; };
/* End PBXFileReference section */

/* Begin PBXFrameworksBuildPhase section */
		604F90FD22C752C700AB8846 /* Frameworks */ = {
			isa = PBXFrameworksBuildPhase;
			buildActionMask = 2147483647;
			files = (
			);
			runOnlyForDeploymentPostprocessing = 0;
		};
		604F911522C752C900AB8846 /* Frameworks */ = {
			isa = PBXFrameworksBuildPhase;
			buildActionMask = 2147483647;
			files = (
			);
			runOnlyForDeploymentPostprocessing = 0;
		};
/* End PBXFrameworksBuildPhase section */

/* Begin PBXGroup section */
		604F90F722C752C700AB8846 = {
			isa = PBXGroup;
			children = (
				604F910222C752C800AB8846 /* Hello World */,
				604F911B22C752C900AB8846 /* Hello WorldTests */,
				604F910122C752C700AB8846 /* Products */,
			);
			sourceTree = "<group>";
		};
		604F910122C752C700AB8846 /* Products */ = {
			isa = PBXGroup;
			children = (
				604F910022C752C700AB8846 /* Hello World.app */,
				604F911822C752C900AB8846 /* Hello WorldTests.xctest */,
			);
			name = Products;
			sourceTree = "<group>";
		};
		604F910222C752C800AB8846 /* Hello World */ = {
			isa = PBXGroup;
			children = (
				604F910322C752C800AB8846 /* AppDelegate.h */,
				604F910422C752C800AB8846 /* AppDelegate.m */,
				604F910622C752C800AB8846 /* ViewController.h */,
				604F910722C752C800AB8846 /* ViewController.m */,
				604F910922C752C800AB8846 /* Main.storyboard */,
				604F910C22C752C900AB8846 /* Assets.xcassets */,
				604F910E22C752C900AB8846 /* LaunchScreen.storyboard */,
				604F911122C752C900AB8846 /* Info.plist */,
				604F911222C752C900AB8846 /* main.m */,
			);
			path = "Hello World";
			sourceTree = "<group>";
		};
		604F911B22C752C900AB8846 /* Hello WorldTests */ = {
			isa = PBXGroup;
			children = (
				604F911C22C752C900AB8846 /* Hello_WorldTests.m */,
				604F911E22C752C900AB8846 /* Info.plist */,
			);
			path = "Hello WorldTests";
			sourceTree = "<group>";
		};
/* End PBXGroup section */

/* Begin PBXNativeTarget section */
		604F90FF22C752C700AB8846 /* Hello World */ = {
			isa = PBXNativeTarget;
			buildConfigurationList = 604F912122C752C900AB8846 /* Build configuration list for PBXNativeTarget "Hello World" */;
			buildPhases = (
				604F90FC22C752C700AB8846 /* Sources */,
				604F90FD22C752C700AB8846 /* Frameworks */,
				604F90FE22C752C700AB8846 /* Resources */,
			);
			buildRules = (
			);
			dependencies = (
			);
			name = "Hello World";
			productName = "Hello World";
			productReference = 604F910022C752C700AB8846 /* Hello World.app */;
			productType = "com.apple.product-type.application";
		};
		604F911722C752C900AB8846 /* Hello WorldTests */ = {
			isa = PBXNativeTarget;
			buildConfigurationList = 604F912422C752C900AB8846 /* Build configuration list for PBXNativeTarget "Hello WorldTests" */;
			buildPhases = (
				604F911422C752C900AB8846 /* Sources */,
				604F911522C752C900AB8846 /* Frameworks */,
				604F911622C752C900AB8846 /* Resources */,
			);
			buildRules = (
			);
			dependencies = (
				604F911A22C752C900AB8846 /* PBXTargetDependency */,
			);
			name = "Hello WorldTests";
			productName = "Hello WorldTests";
			productReference = 604F911822C752C900AB8846 /* Hello WorldTests.xctest */;
			productType = "com.apple.product-type.bundle.unit-test";
		};
/* End PBXNativeTarget section */

/* Begin PBXProject section */
		604F90F822C752C700AB8846 /* Project object */ = {
			isa = PBXProject;
			attributes = {
				LastUpgradeCheck = 1020;
				ORGANIZATIONNAME = Apress;
				TargetAttributes = {
					604F90FF22C752C700AB8846 = {
						CreatedOnToolsVersion = 10.2.1;
					};
					604F911722C752C900AB8846 = {
						CreatedOnToolsVersion = 10.2.1;
						TestTargetID = 604F90FF22C752C700AB8846;
					};
				};
			};
			buildConfigurationList = 604F90FB22C752C700AB8846 /* Build configuration list for PBXProject "Hello World" */;
			compatibilityVersion = "Xcode 9.3";
			developmentRegion = en;
			hasScannedForEncodings = 0;
			knownRegions = (
				en,
				Base,
			);
			mainGroup = 604F90F722C752C700AB8846;
			productRefGroup = 604F910122C752C700AB8846 /* Products */;
			projectDirPath = "";
			projectRoot = "";
			targets = (
				604F90FF22C752C700AB8846 /* Hello World */,
				604F911722C752C900AB8846 /* Hello WorldTests */,
			);
		};
/* End PBXProject section */

/* Begin PBXResourcesBuildPhase section */
		604F90FE22C752C700AB8846 /* Resources */ = {
			isa = PBXResourcesBuildPhase;
			buildActionMask = 2147483647;
			files = (
				604F911022C752C900AB8846 /* LaunchScreen.storyboard in Resources */,
				604F910D22C752C900AB8846 /* Assets.xcassets in Resources */,
				604F910B22C752C800AB8846 /* Main.storyboard in Resources */,
			);
			runOnlyForDeploymentPostprocessing = 0;
		};
		604F911622C752C900AB8846 /* Resources */ = {
			isa = PBXResourcesBuildPhase;
			buildActionMask = 2147483647;
			files = (
			);
			runOnlyForDeploymentPostprocessing = 0;
		};
/* End PBXResourcesBuildPhase section */

/* Begin PBXSourcesBuildPhase section */
		604F90FC22C752C700AB8846 /* Sources */ = {
			isa = PBXSourcesBuildPhase;
			buildActionMask = 2147483647;
			files = (
				604F910822C752C800AB8846 /* ViewController.m in Sources */,
				604F911322C752C900AB8846 /* main.m in Sources */,
				604F910522C752C800AB8846 /* AppDelegate.m in Sources */,
			);
			runOnlyForDeploymentPostprocessing = 0;
		};
		604F911422C752C900AB8846 /* Sources */ = {
			isa = PBXSourcesBuildPhase;
			buildActionMask = 2147483647;
			files = (
				604F911D22C752C900AB8846 /* Hello_WorldTests.m in Sources */,
			);
			runOnlyForDeploymentPostprocessing = 0;
		};
/* End PBXSourcesBuildPhase section */

/* Begin PBXTargetDependency section */
		604F911A22C752C900AB8846 /* PBXTargetDependency */ = {
			isa = PBXTargetDependency;
			target = 604F90FF22C752C700AB8846 /* Hello World */;
			targetProxy = 604F911922C752C900AB8846 /* PBXContainerItemProxy */;
		};
/* End PBXTargetDependency section */

/* Begin PBXVariantGroup section */
		604F910922C752C800AB8846 /* Main.storyboard */ = {
			isa = PBXVariantGroup;
			children = (
				604F910A22C752C800AB8846 /* Base */,
			);
			name = Main.storyboard;
			sourceTree = "<group>";
		};
		604F910E22C752C900AB8846 /* LaunchScreen.storyboard */ = {
			isa = PBXVariantGroup;
			children = (
				604F910F22C752C900AB8846 /* Base */,
			);
			name = LaunchScreen.storyboard;
			sourceTree = "<group>";
		};
/* End PBXVariantGroup section */

/* Begin XCBuildConfiguration section */
		604F911F22C752C900AB8846 /* Debug */ = {
			isa = XCBuildConfiguration;
			buildSettings = {
				ALWAYS_SEARCH_USER_PATHS = NO;
				CLANG_ANALYZER_NONNULL = YES;
				CLANG_ANALYZER_NUMBER_OBJECT_CONVERSION = YES_AGGRESSIVE;
				CLANG_CXX_LANGUAGE_STANDARD = "gnu++14";
				CLANG_CXX_LIBRARY = "libc++";
				CLANG_ENABLE_MODULES = YES;
				CLANG_ENABLE_OBJC_ARC = YES;
				CLANG_ENABLE_OBJC_WEAK = YES;
				CLANG_WARN_BLOCK_CAPTURE_AUTORELEASING = YES;
				CLANG_WARN_BOOL_CONVERSION = YES;
				CLANG_WARN_COMMA = YES;
				CLANG_WARN_CONSTANT_CONVERSION = YES;
				CLANG_WARN_DEPRECATED_OBJC_IMPLEMENTATIONS = YES;
				CLANG_WARN_DIRECT_OBJC_ISA_USAGE = YES_ERROR;
				CLANG_WARN_DOCUMENTATION_COMMENTS = YES;
				CLANG_WARN_EMPTY_BODY = YES;
				CLANG_WARN_ENUM_CONVERSION = YES;
				CLANG_WARN_INFINITE_RECURSION = YES;
				CLANG_WARN_INT_CONVERSION = YES;
				CLANG_WARN_NON_LITERAL_NULL_CONVERSION = YES;
				CLANG_WARN_OBJC_IMPLICIT_RETAIN_SELF = YES;
				CLANG_WARN_OBJC_LITERAL_CONVERSION = YES;
				CLANG_WARN_OBJC_ROOT_CLASS = YES_ERROR;
				CLANG_WARN_RANGE_LOOP_ANALYSIS = YES;
				CLANG_WARN_STRICT_PROTOTYPES = YES;
				CLANG_WARN_SUSPICIOUS_MOVE = YES;
				CLANG_WARN_UNGUARDED_AVAILABILITY = YES_AGGRESSIVE;
				CLANG_WARN_UNREACHABLE_CODE = YES;
				CLANG_WARN__DUPLICATE_METHOD_MATCH = YES;
				CODE_SIGN_IDENTITY = "iPhone Developer";
				COPY_PHASE_STRIP = NO;
				DEBUG_INFORMATION_FORMAT = dwarf;
				ENABLE_STRICT_OBJC_MSGSEND = YES;
				ENABLE_TESTABILITY = YES;
				GCC_C_LANGUAGE_STANDARD = gnu11;
				GCC_DYNAMIC_NO_PIC = NO;
				GCC_NO_COMMON_BLOCKS = YES;
				GCC_OPTIMIZATION_LEVEL = 0;
				GCC_PREPROCESSOR_DEFINITIONS = (
					"DEBUG=1",
					"$(inherited)",
				);
				GCC_WARN_64_TO_32_BIT_CONVERSION = YES;
				GCC_WARN_ABOUT_RETURN_TYPE = YES_ERROR;
				GCC_WARN_UNDECLARED_SELECTOR = YES;
				GCC_WARN_UNINITIALIZED_AUTOS = YES_AGGRESSIVE;
				GCC_WARN_UNUSED_FUNCTION = YES;
				GCC_WARN_UNUSED_VARIABLE = YES;
				IPHONEOS_DEPLOYMENT_TARGET = 12.2;
				MTL_ENABLE_DEBUG_INFO = INCLUDE_SOURCE;
				MTL_FAST_MATH = YES;
				ONLY_ACTIVE_ARCH = YES;
				SDKROOT = iphoneos;
			};
			name = Debug;
		};
		604F912022C752C900AB8846 /* Release */ = {
			isa = XCBuildConfiguration;
			buildSettings = {
				ALWAYS_SEARCH_USER_PATHS = NO;
				CLANG_ANALYZER_NONNULL = YES;
				CLANG_ANALYZER_NUMBER_OBJECT_CONVERSION = YES_AGGRESSIVE;
				CLANG_CXX_LANGUAGE_STANDARD = "gnu++14";
				CLANG_CXX_LIBRARY = "libc++";
				CLANG_ENABLE_MODULES = YES;
				CLANG_ENABLE_OBJC_ARC = YES;
				CLANG_ENABLE_OBJC_WEAK = YES;
				CLANG_WARN_BLOCK_CAPTURE_AUTORELEASING = YES;
				CLANG_WARN_BOOL_CONVERSION = YES;
				CLANG_WARN_COMMA = YES;
				CLANG_WARN_CONSTANT_CONVERSION = YES;
				CLANG_WARN_DEPRECATED_OBJC_IMPLEMENTATIONS = YES;
				CLANG_WARN_DIRECT_OBJC_ISA_USAGE = YES_ERROR;
				CLANG_WARN_DOCUMENTATION_COMMENTS = YES;
				CLANG_WARN_EMPTY_BODY = YES;
				CLANG_WARN_ENUM_CONVERSION = YES;
				CLANG_WARN_INFINITE_RECURSION = YES;
				CLANG_WARN_INT_CONVERSION = YES;
				CLANG_WARN_NON_LITERAL_NULL_CONVERSION = YES;
				CLANG_WARN_OBJC_IMPLICIT_RETAIN_SELF = YES;
				CLANG_WARN_OBJC_LITERAL_CONVERSION = YES;
				CLANG_WARN_OBJC_ROOT_CLASS = YES_ERROR;
				CLANG_WARN_RANGE_LOOP_ANALYSIS = YES;
				CLANG_WARN_STRICT_PROTOTYPES = YES;
				CLANG_WARN_SUSPICIOUS_MOVE = YES;
				CLANG_WARN_UNGUARDED_AVAILABILITY = YES_AGGRESSIVE;
				CLANG_WARN_UNREACHABLE_CODE = YES;
				CLANG_WARN__DUPLICATE_METHOD_MATCH = YES;
				CODE_SIGN_IDENTITY = "iPhone Developer";
				COPY_PHASE_STRIP = NO;
				DEBUG_INFORMATION_FORMAT = "dwarf-with-dsym";
				ENABLE_NS_ASSERTIONS = NO;
				ENABLE_STRICT_OBJC_MSGSEND = YES;
				GCC_C_LANGUAGE_STANDARD = gnu11;
				GCC_NO_COMMON_BLOCKS = YES;
				GCC_WARN_64_TO_32_BIT_CONVERSION = YES;
				GCC_WARN_ABOUT_RETURN_TYPE = YES_ERROR;
				GCC_WARN_UNDECLARED_SELECTOR = YES;
				GCC_WARN_UNINITIALIZED_AUTOS = YES_AGGRESSIVE;
				GCC_WARN_UNUSED_FUNCTION = YES;
				GCC_WARN_UNUSED_VARIABLE = YES;
				IPHONEOS_DEPLOYMENT_TARGET = 12.2;
				MTL_ENABLE_DEBUG_INFO = NO;
				MTL_FAST_MATH = YES;
				SDKROOT = iphoneos;
				VALIDATE_PRODUCT = YES;
			};
			name = Release;
		};
		604F912222C752C900AB8846 /* Debug */ = {
			isa = XCBuildConfiguration;
			buildSettings = {
				ASSETCATALOG_COMPILER_APPICON_NAME = AppIcon;
				CODE_SIGN_STYLE = Automatic;
				DEVELOPMENT_TEAM = V36526T8FR;
				INFOPLIST_FILE = "Hello World/Info.plist";
				LD_RUNPATH_SEARCH_PATHS = (
					"$(inherited)",
					"@executable_path/Frameworks",
				);
				PRODUCT_BUNDLE_IDENTIFIER = "com.apress.Hello-World";
				PRODUCT_NAME = "$(TARGET_NAME)";
				TARGETED_DEVICE_FAMILY = "1,2";
			};
			name = Debug;
		};
		604F912322C752C900AB8846 /* Release */ = {
			isa = XCBuildConfiguration;
			buildSettings = {
				ASSETCATALOG_COMPILER_APPICON_NAME = AppIcon;
				CODE_SIGN_STYLE = Automatic;
				DEVELOPMENT_TEAM = V36526T8FR;
				INFOPLIST_FILE = "Hello World/Info.plist";
				LD_RUNPATH_SEARCH_PATHS = (
					"$(inherited)",
					"@executable_path/Frameworks",
				);
				PRODUCT_BUNDLE_IDENTIFIER = "com.apress.Hello-World";
				PRODUCT_NAME = "$(TARGET_NAME)";
				TARGETED_DEVICE_FAMILY = "1,2";
			};
			name = Release;
		};
		604F912522C752C900AB8846 /* Debug */ = {
			isa = XCBuildConfiguration;
			buildSettings = {
				BUNDLE_LOADER = "$(TEST_HOST)";
				CODE_SIGN_STYLE = Automatic;
				DEVELOPMENT_TEAM = V36526T8FR;
				INFOPLIST_FILE = "Hello WorldTests/Info.plist";
				LD_RUNPATH_SEARCH_PATHS = (
					"$(inherited)",
					"@executable_path/Frameworks",
					"@loader_path/Frameworks",
				);
				PRODUCT_BUNDLE_IDENTIFIER = "com.apress.Hello-WorldTests";
				PRODUCT_NAME = "$(TARGET_NAME)";
				TARGETED_DEVICE_FAMILY = "1,2";
				TEST_HOST = "$(BUILT_PRODUCTS_DIR)/Hello World.app/Hello World";
			};
			name = Debug;
		};
		604F912622C752C900AB8846 /* Release */ = {
			isa = XCBuildConfiguration;
			buildSettings = {
				BUNDLE_LOADER = "$(TEST_HOST)";
				CODE_SIGN_STYLE = Automatic;
				DEVELOPMENT_TEAM = V36526T8FR;
				INFOPLIST_FILE = "Hello WorldTests/Info.plist";
				LD_RUNPATH_SEARCH_PATHS = (
					"$(inherited)",
					"@executable_path/Frameworks",
					"@loader_path/Frameworks",
				);
				PRODUCT_BUNDLE_IDENTIFIER = "com.apress.Hello-WorldTests";
				PRODUCT_NAME = "$(TARGET_NAME)";
				TARGETED_DEVICE_FAMILY = "1,2";
				TEST_HOST = "$(BUILT_PRODUCTS_DIR)/Hello World.app/Hello World";
			};
			name = Release;
		};
/* End XCBuildConfiguration section */

/* Begin XCConfigurationList section */
		604F90FB22C752C700AB8846 /* Build configuration list for PBXProject "Hello World" */ = {
			isa = XCConfigurationList;
			buildConfigurations = (
				604F911F22C752C900AB8846 /* Debug */,
				604F912022C752C900AB8846 /* Release */,
			);
			defaultConfigurationIsVisible = 0;
			defaultConfigurationName = Release;
		};
		604F912122C752C900AB8846 /* Build configuration list for PBXNativeTarget "Hello World" */ = {
			isa = XCConfigurationList;
			buildConfigurations = (
				604F912222C752C900AB8846 /* Debug */,
				604F912322C752C900AB8846 /* Release */,
			);
			defaultConfigurationIsVisible = 0;
			defaultConfigurationName = Release;
		};
		604F912422C752C900AB8846 /* Build configuration list for PBXNativeTarget "Hello WorldTests" */ = {
			isa = XCConfigurationList;
			buildConfigurations = (
				604F912522C752C900AB8846 /* Debug */,
				604F912622C752C900AB8846 /* Release */,
			);
			defaultConfigurationIsVisible = 0;
			defaultConfigurationName = Release;
		};
/* End XCConfigurationList section */
	};
	rootObject = 604F90F822C752C700AB8846 /* Project object */;
}
